
Microsoft Visual Studio Solution File, Format Version 12.00
# Visual Studio Version 17
VisualStudioVersion = 17.4.33205.214
MinimumVisualStudioVersion = 10.0.40219.1
Project("{FAE04EC0-301F-11D3-BF4B-00C04F79EFBC}") = "DoAn_1", "DoAn_1\DoAn_1.csproj", "{DD44E522-5D5A-45EB-9513-BC3B89363B61}"
EndProject
Global
	GlobalSection(SolutionConfigurationPlatforms) = preSolution
		Debug|Any CPU = Debug|Any CPU
		Release|Any CPU = Release|Any CPU
	EndGlobalSection
	GlobalSection(ProjectConfigurationPlatforms) = postSolution
		{DD44E522-5D5A-45EB-9513-BC3B89363B61}.Debug|Any CPU.ActiveCfg = Debug|Any CPU
		{DD44E522-5D5A-45EB-9513-BC3B89363B61}.Debug|Any CPU.Build.0 = Debug|Any CPU
		{DD44E522-5D5A-45EB-9513-BC3B89363B61}.Release|Any CPU.ActiveCfg = Release|Any CPU
		{DD44E522-5D5A-45EB-9513-BC3B89363B61}.Release|Any CPU.Build.0 = Release|Any CPU
	EndGlobalSection
	GlobalSection(SolutionProperties) = preSolution
		HideSolutionNode = FALSE
	EndGlobalSection
	GlobalSection(ExtensibilityGlobals) = postSolution
		SolutionGuid = {5E1FE23C-CBED-4708-852F-10319096DFF6}
	EndGlobalSection
EndGlobal
